<?xml version="1.0" encoding="utf-8"?>
<Project ToolsVersion="4.0" xmlns="http://schemas.microsoft.com/developer/msbuild/2003">
  <ItemGroup>
    <Filter Include="LanguageSwitcher">
      <UniqueIdentifier>{989e102f-ea1e-4b19-96e6-977ea0822dc1}</UniqueIdentifier>
    </Filter>
    <Filter Include="Maximizer">
      <UniqueIdentifier>{ec41b8b1-c02d-4565-a614-04235378392b}</UniqueIdentifier>
    </Filter>
    <Filter Include="Others">
      <UniqueIdentifier>{5e65ca88-b14c-4f65-a5e4-afac4e5b8204}</UniqueIdentifier>
    </Filter>
    <Filter Include="Managed">
      <UniqueIdentifier>{eca6faf0-58a0-4069-8495-7011696fcf10}</UniqueIdentifier>
    </Filter>
  </ItemGroup>
  <ItemGroup>
    <ClInclude Include="Main.h">
      <Filter>Managed</Filter>
    </ClInclude>
    <ClInclude Include="pch.h">
      <Filter>Others</Filter>
    </ClInclude>
    <ClInclude Include="WindowTracker.h">
      <Filter>Maximizer</Filter>
    </ClInclude>
    <ClInclude Include="PerLanguageMethods.hpp">
      <Filter>LanguageSwitcher</Filter>
    </ClInclude>
    <ClInclude Include="Language.hpp">
      <Filter>LanguageSwitcher</Filter>
    </ClInclude>
    <ClInclude Include="LanguageSwitcher.h">
      <Filter>LanguageSwitcher</Filter>
    </ClInclude>
  </ItemGroup>
  <ItemGroup>
    <ClCompile Include="LanguageSwitcher.cpp">
      <Filter>LanguageSwitcher</Filter>
    </ClCompile>
    <ClCompile Include="Main.cpp">
      <Filter>Managed</Filter>
    </ClCompile>
    <ClCompile Include="pch.cpp">
      <Filter>Others</Filter>
    </ClCompile>
    <ClCompile Include="WindowTracker.cpp">
      <Filter>Maximizer</Filter>
    </ClCompile>
  </ItemGroup>
</Project>